<?xml version="1.0" encoding="utf-8"?>
<Project ToolsVersion="4.0" xmlns="http://schemas.microsoft.com/developer/msbuild/2003">
  <ItemGroup>
    <Filter Include="Source Files">
      <UniqueIdentifier>{4FC737F1-C7A5-4376-A066-2A32D752A2FF}</UniqueIdentifier>
      <Extensions>cpp;c;cc;cxx;c++;cppm;ixx;def;odl;idl;hpj;bat;asm;asmx</Extensions>
    </Filter>
    <Filter Include="Header Files">
      <UniqueIdentifier>{93995380-89BD-4b04-88EB-625FBE52EBFB}</UniqueIdentifier>
      <Extensions>h;hh;hpp;hxx;h++;hm;inl;inc;ipp;xsd</Extensions>
    </Filter>
    <Filter Include="Resource Files">
      <UniqueIdentifier>{67DA6AB6-F800-4c08-8B7A-83BB121AAD01}</UniqueIdentifier>
      <Extensions>rc;ico;cur;bmp;dlg;rc2;rct;bin;rgs;gif;jpg;jpeg;jpe;resx;tiff;tif;png;wav;mfcribbon-ms</Extensions>
    </Filter>
    <Filter Include="dxComponents">
      <UniqueIdentifier>{82644992-a2e3-4d29-861b-cc7db31054cc}</UniqueIdentifier>
    </Filter>
    <Filter Include="Applications">
      <UniqueIdentifier>{cd5c2f4f-0ea8-4aa7-9628-bb48fee4ba7b}</UniqueIdentifier>
    </Filter>
  </ItemGroup>
  <ItemGroup>
    <ClCompile Include="main.cpp">
      <Filter>Source Files</Filter>
    </ClCompile>
    <ClCompile Include="windmaker.cpp">
      <Filter>Source Files</Filter>
    </ClCompile>
    <ClCompile Include="DX12Manager.cpp">
      <Filter>Source Files</Filter>
    </ClCompile>
    <ClCompile Include="DXUtils.cpp">
      <Filter>Source Files</Filter>
    </ClCompile>
    <ClCompile Include="DX12Buffer.cpp">
      <Filter>Source Files</Filter>
    </ClCompile>
    <ClCompile Include="DX12CommandQueue.cpp">
      <Filter>Source Files</Filter>
    </ClCompile>
    <ClCompile Include="DX12ApplicationManager.cpp">
      <Filter>Source Files</Filter>
    </ClCompile>
    <ClCompile Include="DX12Swapchain.cpp">
      <Filter>Source Files</Filter>
    </ClCompile>
    <ClCompile Include="DX12DESCHEAP.cpp">
      <Filter>Source Files</Filter>
    </ClCompile>
    <ClCompile Include="ShaderManager.cpp">
      <Filter>Source Files</Filter>
    </ClCompile>
    <ClCompile Include="DX12PSO.cpp">
      <Filter>Source Files</Filter>
    </ClCompile>
    <ClCompile Include="DX12Commandlist.cpp">
      <Filter>Source Files</Filter>
    </ClCompile>
    <ClCompile Include="AssetManager.cpp">
      <Filter>Source Files</Filter>
    </ClCompile>
    <ClCompile Include="DX12Resource.cpp">
      <Filter>Source Files</Filter>
    </ClCompile>
    <ClCompile Include="DXTexManager.cpp">
      <Filter>Source Files</Filter>
    </ClCompile>
    <ClCompile Include="SamplerFeedbackManager.cpp">
      <Filter>Source Files</Filter>
    </ClCompile>
    <ClCompile Include="DX12ApplicationManagerBase.cpp">
      <Filter>Source Files</Filter>
    </ClCompile>
    <ClCompile Include="DX12SimpleTexturedQuadApplication.cpp">
      <Filter>Applications</Filter>
    </ClCompile>
    <ClCompile Include="DX12SamplerfeedbackApplication.cpp">
      <Filter>Applications</Filter>
    </ClCompile>
    <ClCompile Include="DX12ComputeApplication.cpp">
      <Filter>Applications</Filter>
    </ClCompile>
    <ClCompile Include="DX12Texture.cpp">
      <Filter>Source Files</Filter>
    </ClCompile>
    <ClCompile Include="DX12ReservedResourceApplication.cpp">
      <Filter>Applications</Filter>
    </ClCompile>
    <ClCompile Include="DX12ReservedResourceMemoryManager.cpp">
      <Filter>Source Files</Filter>
    </ClCompile>
    <ClCompile Include="ModelTestApplication.cpp">
      <Filter>Source Files</Filter>
    </ClCompile>
    <ClCompile Include="DX12RootSignature.cpp">
      <Filter>Source Files</Filter>
    </ClCompile>
    <ClCompile Include="DXCamera.cpp">
      <Filter>Source Files</Filter>
    </ClCompile>
    <ClCompile Include="WindowProcHook.cpp">
      <Filter>Source Files</Filter>
    </ClCompile>
    <ClCompile Include="MipTestApplication.cpp">
      <Filter>Source Files</Filter>
    </ClCompile>
    <ClCompile Include="DX12SkyboxtestingApplication.cpp">
      <Filter>Source Files</Filter>
    </ClCompile>
    <ClCompile Include="DXVertexManager.cpp">
      <Filter>Source Files</Filter>
    </ClCompile>
    <ClCompile Include="CameraMovementManager.cpp">
      <Filter>Source Files</Filter>
    </ClCompile>
    <ClCompile Include="DX12ResourceBase.cpp">
      <Filter>Source Files</Filter>
    </ClCompile>
    <ClCompile Include="DXTextureUtils.cpp">
      <Filter>Source Files</Filter>
    </ClCompile>
    <ClCompile Include="DX12ReservedResource.cpp">
      <Filter>Source Files</Filter>
    </ClCompile>
    <ClCompile Include="AssimpManager.cpp">
      <Filter>Source Files</Filter>
    </ClCompile>
    <ClCompile Include="RayTracingTestApplication.cpp">
      <Filter>Source Files</Filter>
    </ClCompile>
    <ClCompile Include="RaytracingUtils.cpp">
      <Filter>Source Files</Filter>
    </ClCompile>
  </ItemGroup>
  <ItemGroup>
    <ClInclude Include="windmaker.h">
      <Filter>Header Files</Filter>
    </ClInclude>
    <ClInclude Include="Renderable.h">
      <Filter>Header Files</Filter>
    </ClInclude>
    <ClInclude Include="DX12Manager.h">
      <Filter>Header Files</Filter>
    </ClInclude>
    <ClInclude Include="DXUtils.h">
      <Filter>Header Files</Filter>
    </ClInclude>
    <ClInclude Include="DX12Resource.h">
      <Filter>dxComponents</Filter>
    </ClInclude>
    <ClInclude Include="DX12Buffer.h">
      <Filter>dxComponents</Filter>
    </ClInclude>
    <ClInclude Include="DX12CommandQueue.h">
      <Filter>Header Files</Filter>
    </ClInclude>
    <ClInclude Include="DX12ApplicationManager.h">
      <Filter>Header Files</Filter>
    </ClInclude>
    <ClInclude Include="DX12Swapchain.h">
      <Filter>Header Files</Filter>
    </ClInclude>
    <ClInclude Include="DX12DESCHEAP.h">
      <Filter>Header Files</Filter>
    </ClInclude>
    <ClInclude Include="ShaderManager.h">
      <Filter>Header Files</Filter>
    </ClInclude>
    <ClInclude Include="DX12PSO.h">
      <Filter>Source Files</Filter>
    </ClInclude>
    <ClInclude Include="DX12CommandList.h">
      <Filter>Header Files</Filter>
    </ClInclude>
    <ClInclude Include="AssetManager.h">
      <Filter>Header Files</Filter>
    </ClInclude>
    <ClInclude Include="DXTexManager.h">
      <Filter>Header Files</Filter>
    </ClInclude>
    <ClInclude Include="SamplerFeedbackManager.h">
      <Filter>Header Files</Filter>
    </ClInclude>
    <ClInclude Include="DX12ApplicationManagerBase.h">
      <Filter>Header Files</Filter>
    </ClInclude>
    <ClInclude Include="DX12SimpleTexturedQuadApplication.h">
      <Filter>Applications</Filter>
    </ClInclude>
    <ClInclude Include="DX12SamplerfeedbackApplication.h">
      <Filter>Applications</Filter>
    </ClInclude>
    <ClInclude Include="DX12ComputeApplication.h">
      <Filter>Applications</Filter>
    </ClInclude>
    <ClInclude Include="DX12Texture.h">
      <Filter>Header Files</Filter>
    </ClInclude>
    <ClInclude Include="DX12ReservedResourceApplication.h">
      <Filter>Applications</Filter>
    </ClInclude>
    <ClInclude Include="DX12ReservedResourceMemoryManager.h">
      <Filter>Header Files</Filter>
    </ClInclude>
    <ClInclude Include="CommonDataStructures.h">
      <Filter>Header Files</Filter>
    </ClInclude>
    <ClInclude Include="ModelTestApplication.h">
      <Filter>Header Files</Filter>
    </ClInclude>
    <ClInclude Include="DX12RootSignature.h">
      <Filter>Header Files</Filter>
    </ClInclude>
    <ClInclude Include="DXCamera.h">
      <Filter>Header Files</Filter>
    </ClInclude>
    <ClInclude Include="WindowProcHook.h">
      <Filter>Header Files</Filter>
    </ClInclude>
    <ClInclude Include="MipTestApplication.h">
      <Filter>Header Files</Filter>
    </ClInclude>
    <ClInclude Include="DX12SkyboxtestingApplication.h">
      <Filter>Header Files</Filter>
    </ClInclude>
    <ClInclude Include="DXVertexManager.h">
      <Filter>Header Files</Filter>
    </ClInclude>
    <ClInclude Include="CameraMovementManager.h">
      <Filter>Header Files</Filter>
    </ClInclude>
    <ClInclude Include="DX12ResourceBase.h">
      <Filter>Header Files</Filter>
    </ClInclude>
    <ClInclude Include="DXTextureUtils.h">
      <Filter>Header Files</Filter>
    </ClInclude>
    <ClInclude Include="DX12ReservedResource.h">
      <Filter>Header Files</Filter>
    </ClInclude>
    <ClInclude Include="AssimpManager.h">
      <Filter>Header Files</Filter>
    </ClInclude>
    <ClInclude Include="RayTracingTestApplication.h">
      <Filter>Header Files</Filter>
    </ClInclude>
    <ClInclude Include="RaytracingUtils.h">
      <Filter>Header Files</Filter>
    </ClInclude>
  </ItemGroup>
  <ItemGroup>
    <None Include="packages.config" />
  </ItemGroup>
</Project>